
Microsoft Visual Studio Solution File, Format Version 12.00
# Visual Studio Version 17
VisualStudioVersion = 17.13.35931.197
MinimumVisualStudioVersion = 10.0.40219.1
Project("{2150E333-8FDC-42A3-9474-1A3956D46DE8}") = "src", "src", "{02EA681E-C7D8-13C7-8484-4AC65E1B71E8}"
EndProject
Project("{2150E333-8FDC-42A3-9474-1A3956D46DE8}") = "Building Blocks", "Building Blocks", "{B5F11926-83A2-44BA-9601-F5EABABFFB2C}"
EndProject
Project("{2150E333-8FDC-42A3-9474-1A3956D46DE8}") = "Services", "Services", "{7C4B9638-A197-42F4-93EF-718047925350}"
EndProject
Project("{2150E333-8FDC-42A3-9474-1A3956D46DE8}") = "Web", "Web", "{6B79B832-956B-43CD-87D9-A384B745B0A7}"
EndProject
Project("{2150E333-8FDC-42A3-9474-1A3956D46DE8}") = "Identidade", "Identidade", "{73D934D9-4489-49BE-B80A-89D1A6D96E43}"
EndProject
Project("{2150E333-8FDC-42A3-9474-1A3956D46DE8}") = "MVC", "MVC", "{68989C90-AFA0-4997-ACB3-0B61A7D9693B}"
EndProject
Project("{FAE04EC0-301F-11D3-BF4B-00C04F79EFBC}") = "NSE.WebApp.MVC", "src\web\NSE.WebApp.MVC\NSE.WebApp.MVC.csproj", "{241D4CFC-73CC-497D-8F1A-E128A844A394}"
EndProject
Project("{2150E333-8FDC-42A3-9474-1A3956D46DE8}") = "Core", "Core", "{5D4733D6-6351-44FC-8430-783DAD1A7F5C}"
EndProject
Project("{FAE04EC0-301F-11D3-BF4B-00C04F79EFBC}") = "NSE.Core", "src\building blocks\NSE.Core\NSE.Core.csproj", "{82991591-65E9-49C2-9899-CD0B920394D9}"
EndProject
Project("{FAE04EC0-301F-11D3-BF4B-00C04F79EFBC}") = "NSE.Identidade.API", "src\services\NSE.Identidade.API\NSE.Identidade.API.csproj", "{D87C31C5-7C99-492F-AE15-A597B3D98217}"
EndProject
Project("{2150E333-8FDC-42A3-9474-1A3956D46DE8}") = "Carrinho", "Carrinho", "{34C42E25-989E-4F30-A9B8-93F4D93F77F0}"
EndProject
Project("{2150E333-8FDC-42A3-9474-1A3956D46DE8}") = "Pagamento", "Pagamento", "{C34E095E-23F4-48DC-BC03-A4AFE6F95D7F}"
EndProject
Project("{2150E333-8FDC-42A3-9474-1A3956D46DE8}") = "Pedido", "Pedido", "{5288F2EF-6C58-4C44-A3F8-C22EFF17CADB}"
EndProject
Project("{2150E333-8FDC-42A3-9474-1A3956D46DE8}") = "Catalogo", "Catalogo", "{15C621B9-D97E-440C-BBB0-FAFB1AABCD26}"
EndProject
Project("{2150E333-8FDC-42A3-9474-1A3956D46DE8}") = "Cliente", "Cliente", "{49CB4F7E-3E19-486D-9609-672216D6D4A3}"
EndProject
Project("{FAE04EC0-301F-11D3-BF4B-00C04F79EFBC}") = "NSE.Catalogo.API", "NSE.Catalogo.API\NSE.Catalogo.API.csproj", "{DE0D781B-D547-4560-A053-992C4DB12B72}"
EndProject
Project("{FAE04EC0-301F-11D3-BF4B-00C04F79EFBC}") = "NSE.Carrinho.API", "src\services\NSE.Catalogo.API\NSE.Carrinho.API.csproj", "{42FCF7EE-7F9A-44C8-81D6-7E74829FEC09}"
EndProject
Project("{FAE04EC0-301F-11D3-BF4B-00C04F79EFBC}") = "NSE.Cliente.API", "src\services\NSE.Cliente.API\NSE.Cliente.API.csproj", "{470B2641-5338-4069-BFDB-C634657EA485}"
EndProject
Project("{FAE04EC0-301F-11D3-BF4B-00C04F79EFBC}") = "NSE.Pagamento.API", "NSE.Pagamento.API\NSE.Pagamento.API.csproj", "{B73CAB08-B244-42B3-879F-2D7F643EB242}"
EndProject
Project("{FAE04EC0-301F-11D3-BF4B-00C04F79EFBC}") = "NSE.Pedido.API", "src\services\NSE.Pedido.API\NSE.Pedido.API.csproj", "{F858E157-EEFA-40B9-88E3-CA2DB6FBA4F2}"
EndProject
Global
	GlobalSection(SolutionConfigurationPlatforms) = preSolution
		Debug|Any CPU = Debug|Any CPU
		Release|Any CPU = Release|Any CPU
	EndGlobalSection
	GlobalSection(ProjectConfigurationPlatforms) = postSolution
		{241D4CFC-73CC-497D-8F1A-E128A844A394}.Debug|Any CPU.ActiveCfg = Debug|Any CPU
		{241D4CFC-73CC-497D-8F1A-E128A844A394}.Debug|Any CPU.Build.0 = Debug|Any CPU
		{241D4CFC-73CC-497D-8F1A-E128A844A394}.Release|Any CPU.ActiveCfg = Release|Any CPU
		{241D4CFC-73CC-497D-8F1A-E128A844A394}.Release|Any CPU.Build.0 = Release|Any CPU
		{82991591-65E9-49C2-9899-CD0B920394D9}.Debug|Any CPU.ActiveCfg = Debug|Any CPU
		{82991591-65E9-49C2-9899-CD0B920394D9}.Debug|Any CPU.Build.0 = Debug|Any CPU
		{82991591-65E9-49C2-9899-CD0B920394D9}.Release|Any CPU.ActiveCfg = Release|Any CPU
		{82991591-65E9-49C2-9899-CD0B920394D9}.Release|Any CPU.Build.0 = Release|Any CPU
		{D87C31C5-7C99-492F-AE15-A597B3D98217}.Debug|Any CPU.ActiveCfg = Debug|Any CPU
		{D87C31C5-7C99-492F-AE15-A597B3D98217}.Debug|Any CPU.Build.0 = Debug|Any CPU
		{D87C31C5-7C99-492F-AE15-A597B3D98217}.Release|Any CPU.ActiveCfg = Release|Any CPU
		{D87C31C5-7C99-492F-AE15-A597B3D98217}.Release|Any CPU.Build.0 = Release|Any CPU
		{DE0D781B-D547-4560-A053-992C4DB12B72}.Debug|Any CPU.ActiveCfg = Debug|Any CPU
		{DE0D781B-D547-4560-A053-992C4DB12B72}.Debug|Any CPU.Build.0 = Debug|Any CPU
		{DE0D781B-D547-4560-A053-992C4DB12B72}.Release|Any CPU.ActiveCfg = Release|Any CPU
		{DE0D781B-D547-4560-A053-992C4DB12B72}.Release|Any CPU.Build.0 = Release|Any CPU
		{42FCF7EE-7F9A-44C8-81D6-7E74829FEC09}.Debug|Any CPU.ActiveCfg = Debug|Any CPU
		{42FCF7EE-7F9A-44C8-81D6-7E74829FEC09}.Debug|Any CPU.Build.0 = Debug|Any CPU
		{42FCF7EE-7F9A-44C8-81D6-7E74829FEC09}.Release|Any CPU.ActiveCfg = Release|Any CPU
		{42FCF7EE-7F9A-44C8-81D6-7E74829FEC09}.Release|Any CPU.Build.0 = Release|Any CPU
		{470B2641-5338-4069-BFDB-C634657EA485}.Debug|Any CPU.ActiveCfg = Debug|Any CPU
		{470B2641-5338-4069-BFDB-C634657EA485}.Debug|Any CPU.Build.0 = Debug|Any CPU
		{470B2641-5338-4069-BFDB-C634657EA485}.Release|Any CPU.ActiveCfg = Release|Any CPU
		{470B2641-5338-4069-BFDB-C634657EA485}.Release|Any CPU.Build.0 = Release|Any CPU
		{B73CAB08-B244-42B3-879F-2D7F643EB242}.Debug|Any CPU.ActiveCfg = Debug|Any CPU
		{B73CAB08-B244-42B3-879F-2D7F643EB242}.Debug|Any CPU.Build.0 = Debug|Any CPU
		{B73CAB08-B244-42B3-879F-2D7F643EB242}.Release|Any CPU.ActiveCfg = Release|Any CPU
		{B73CAB08-B244-42B3-879F-2D7F643EB242}.Release|Any CPU.Build.0 = Release|Any CPU
		{F858E157-EEFA-40B9-88E3-CA2DB6FBA4F2}.Debug|Any CPU.ActiveCfg = Debug|Any CPU
		{F858E157-EEFA-40B9-88E3-CA2DB6FBA4F2}.Debug|Any CPU.Build.0 = Debug|Any CPU
		{F858E157-EEFA-40B9-88E3-CA2DB6FBA4F2}.Release|Any CPU.ActiveCfg = Release|Any CPU
		{F858E157-EEFA-40B9-88E3-CA2DB6FBA4F2}.Release|Any CPU.Build.0 = Release|Any CPU
	EndGlobalSection
	GlobalSection(SolutionProperties) = preSolution
		HideSolutionNode = FALSE
	EndGlobalSection
	GlobalSection(NestedProjects) = preSolution
		{B5F11926-83A2-44BA-9601-F5EABABFFB2C} = {02EA681E-C7D8-13C7-8484-4AC65E1B71E8}
		{7C4B9638-A197-42F4-93EF-718047925350} = {02EA681E-C7D8-13C7-8484-4AC65E1B71E8}
		{6B79B832-956B-43CD-87D9-A384B745B0A7} = {02EA681E-C7D8-13C7-8484-4AC65E1B71E8}
		{73D934D9-4489-49BE-B80A-89D1A6D96E43} = {7C4B9638-A197-42F4-93EF-718047925350}
		{68989C90-AFA0-4997-ACB3-0B61A7D9693B} = {6B79B832-956B-43CD-87D9-A384B745B0A7}
		{241D4CFC-73CC-497D-8F1A-E128A844A394} = {68989C90-AFA0-4997-ACB3-0B61A7D9693B}
		{5D4733D6-6351-44FC-8430-783DAD1A7F5C} = {B5F11926-83A2-44BA-9601-F5EABABFFB2C}
		{82991591-65E9-49C2-9899-CD0B920394D9} = {5D4733D6-6351-44FC-8430-783DAD1A7F5C}
		{D87C31C5-7C99-492F-AE15-A597B3D98217} = {73D934D9-4489-49BE-B80A-89D1A6D96E43}
		{34C42E25-989E-4F30-A9B8-93F4D93F77F0} = {7C4B9638-A197-42F4-93EF-718047925350}
		{C34E095E-23F4-48DC-BC03-A4AFE6F95D7F} = {7C4B9638-A197-42F4-93EF-718047925350}
		{5288F2EF-6C58-4C44-A3F8-C22EFF17CADB} = {7C4B9638-A197-42F4-93EF-718047925350}
		{15C621B9-D97E-440C-BBB0-FAFB1AABCD26} = {7C4B9638-A197-42F4-93EF-718047925350}
		{49CB4F7E-3E19-486D-9609-672216D6D4A3} = {7C4B9638-A197-42F4-93EF-718047925350}
		{DE0D781B-D547-4560-A053-992C4DB12B72} = {15C621B9-D97E-440C-BBB0-FAFB1AABCD26}
		{42FCF7EE-7F9A-44C8-81D6-7E74829FEC09} = {34C42E25-989E-4F30-A9B8-93F4D93F77F0}
		{470B2641-5338-4069-BFDB-C634657EA485} = {49CB4F7E-3E19-486D-9609-672216D6D4A3}
		{B73CAB08-B244-42B3-879F-2D7F643EB242} = {C34E095E-23F4-48DC-BC03-A4AFE6F95D7F}
		{F858E157-EEFA-40B9-88E3-CA2DB6FBA4F2} = {5288F2EF-6C58-4C44-A3F8-C22EFF17CADB}
	EndGlobalSection
	GlobalSection(ExtensibilityGlobals) = postSolution
		SolutionGuid = {D316468D-72AA-455A-B56D-9F14CA50F2E6}
	EndGlobalSection
EndGlobal
